// !$*UTF8*$!
{
	archiveVersion = 1;
	classes = {
	};
	objectVersion = 56;
	objects = {

/* Begin PBXBuildFile section */
		2E8DEF892C737F64007F1B98 /* AppDelegate.swift in Sources */ = {isa = PBXBuildFile; fileRef = 2E8DEF882C737F64007F1B98 /* AppDelegate.swift */; };
		2E8DEF8B2C737F64007F1B98 /* SceneDelegate.swift in Sources */ = {isa = PBXBuildFile; fileRef = 2E8DEF8A2C737F64007F1B98 /* SceneDelegate.swift */; };
		2E8DEF8D2C737F64007F1B98 /* CounterViewController.swift in Sources */ = {isa = PBXBuildFile; fileRef = 2E8DEF8C2C737F64007F1B98 /* CounterViewController.swift */; };
		2E8DEF922C737F65007F1B98 /* Assets.xcassets in Resources */ = {isa = PBXBuildFile; fileRef = 2E8DEF912C737F65007F1B98 /* Assets.xcassets */; };
		2E8DEF952C737F65007F1B98 /* LaunchScreen.storyboard in Resources */ = {isa = PBXBuildFile; fileRef = 2E8DEF932C737F65007F1B98 /* LaunchScreen.storyboard */; };
		2E8DEFA02C737F65007F1B98 /* CounterTests.swift in Sources */ = {isa = PBXBuildFile; fileRef = 2E8DEF9F2C737F65007F1B98 /* CounterTests.swift */; };
		2E8DEFAA2C737F65007F1B98 /* CounterUITests.swift in Sources */ = {isa = PBXBuildFile; fileRef = 2E8DEFA92C737F65007F1B98 /* CounterUITests.swift */; };
		2E8DEFAC2C737F65007F1B98 /* CounterUITestsLaunchTests.swift in Sources */ = {isa = PBXBuildFile; fileRef = 2E8DEFAB2C737F65007F1B98 /* CounterUITestsLaunchTests.swift */; };
		2E8DEFB92C73810B007F1B98 /* CounterViewReactor.swift in Sources */ = {isa = PBXBuildFile; fileRef = 2E8DEFB82C73810B007F1B98 /* CounterViewReactor.swift */; };
		4046AB824E5442E083E11830 /* Pods_Counter.framework in Frameworks */ = {isa = PBXBuildFile; fileRef = 40026B1E1E19F87F70381671 /* Pods_Counter.framework */; };
		A7BB32624307A262FBE08F06 /* Pods_CounterTests.framework in Frameworks */ = {isa = PBXBuildFile; fileRef = 4C74A7AAA2B1E16336A95728 /* Pods_CounterTests.framework */; };
		D74C74D196851201944135F1 /* Pods_Counter_CounterUITests.framework in Frameworks */ = {isa = PBXBuildFile; fileRef = 6DF28E3FE0D8FA566A97AD49 /* Pods_Counter_CounterUITests.framework */; };
/* End PBXBuildFile section */

/* Begin PBXContainerItemProxy section */
		2E8DEF9C2C737F65007F1B98 /* PBXContainerItemProxy */ = {
			isa = PBXContainerItemProxy;
			containerPortal = 2E8DEF7D2C737F64007F1B98 /* Project object */;
			proxyType = 1;
			remoteGlobalIDString = 2E8DEF842C737F64007F1B98;
			remoteInfo = Counter;
		};
		2E8DEFA62C737F65007F1B98 /* PBXContainerItemProxy */ = {
			isa = PBXContainerItemProxy;
			containerPortal = 2E8DEF7D2C737F64007F1B98 /* Project object */;
			proxyType = 1;
			remoteGlobalIDString = 2E8DEF842C737F64007F1B98;
			remoteInfo = Counter;
		};
/* End PBXContainerItemProxy section */

/* Begin PBXFileReference section */
		222D710E2DFBC3AAD5C3EF43 /* Pods-CounterTests.release.xcconfig */ = {isa = PBXFileReference; includeInIndex = 1; lastKnownFileType = text.xcconfig; name = "Pods-CounterTests.release.xcconfig"; path = "Target Support Files/Pods-CounterTests/Pods-CounterTests.release.xcconfig"; sourceTree = "<group>"; };
		2E8DEF852C737F64007F1B98 /* Counter.app */ = {isa = PBXFileReference; explicitFileType = wrapper.application; includeInIndex = 0; path = Counter.app; sourceTree = BUILT_PRODUCTS_DIR; };
		2E8DEF882C737F64007F1B98 /* AppDelegate.swift */ = {isa = PBXFileReference; lastKnownFileType = sourcecode.swift; path = AppDelegate.swift; sourceTree = "<group>"; };
		2E8DEF8A2C737F64007F1B98 /* SceneDelegate.swift */ = {isa = PBXFileReference; lastKnownFileType = sourcecode.swift; path = SceneDelegate.swift; sourceTree = "<group>"; };
		2E8DEF8C2C737F64007F1B98 /* CounterViewController.swift */ = {isa = PBXFileReference; lastKnownFileType = sourcecode.swift; path = CounterViewController.swift; sourceTree = "<group>"; };
		2E8DEF912C737F65007F1B98 /* Assets.xcassets */ = {isa = PBXFileReference; lastKnownFileType = folder.assetcatalog; path = Assets.xcassets; sourceTree = "<group>"; };
		2E8DEF942C737F65007F1B98 /* Base */ = {isa = PBXFileReference; lastKnownFileType = file.storyboard; name = Base; path = Base.lproj/LaunchScreen.storyboard; sourceTree = "<group>"; };
		2E8DEF962C737F65007F1B98 /* Info.plist */ = {isa = PBXFileReference; lastKnownFileType = text.plist.xml; path = Info.plist; sourceTree = "<group>"; };
		2E8DEF9B2C737F65007F1B98 /* CounterTests.xctest */ = {isa = PBXFileReference; explicitFileType = wrapper.cfbundle; includeInIndex = 0; path = CounterTests.xctest; sourceTree = BUILT_PRODUCTS_DIR; };
		2E8DEF9F2C737F65007F1B98 /* CounterTests.swift */ = {isa = PBXFileReference; lastKnownFileType = sourcecode.swift; path = CounterTests.swift; sourceTree = "<group>"; };
		2E8DEFA52C737F65007F1B98 /* CounterUITests.xctest */ = {isa = PBXFileReference; explicitFileType = wrapper.cfbundle; includeInIndex = 0; path = CounterUITests.xctest; sourceTree = BUILT_PRODUCTS_DIR; };
		2E8DEFA92C737F65007F1B98 /* CounterUITests.swift */ = {isa = PBXFileReference; lastKnownFileType = sourcecode.swift; path = CounterUITests.swift; sourceTree = "<group>"; };
		2E8DEFAB2C737F65007F1B98 /* CounterUITestsLaunchTests.swift */ = {isa = PBXFileReference; lastKnownFileType = sourcecode.swift; path = CounterUITestsLaunchTests.swift; sourceTree = "<group>"; };
		2E8DEFB82C73810B007F1B98 /* CounterViewReactor.swift */ = {isa = PBXFileReference; lastKnownFileType = sourcecode.swift; path = CounterViewReactor.swift; sourceTree = "<group>"; };
		2E97E1C13CBBE4592DAD4557 /* Pods-Counter.debug.xcconfig */ = {isa = PBXFileReference; includeInIndex = 1; lastKnownFileType = text.xcconfig; name = "Pods-Counter.debug.xcconfig"; path = "Target Support Files/Pods-Counter/Pods-Counter.debug.xcconfig"; sourceTree = "<group>"; };
		40026B1E1E19F87F70381671 /* Pods_Counter.framework */ = {isa = PBXFileReference; explicitFileType = wrapper.framework; includeInIndex = 0; path = Pods_Counter.framework; sourceTree = BUILT_PRODUCTS_DIR; };
		4C74A7AAA2B1E16336A95728 /* Pods_CounterTests.framework */ = {isa = PBXFileReference; explicitFileType = wrapper.framework; includeInIndex = 0; path = Pods_CounterTests.framework; sourceTree = BUILT_PRODUCTS_DIR; };
		5DD8AD927873BDFB07387A56 /* Pods-CounterTests.debug.xcconfig */ = {isa = PBXFileReference; includeInIndex = 1; lastKnownFileType = text.xcconfig; name = "Pods-CounterTests.debug.xcconfig"; path = "Target Support Files/Pods-CounterTests/Pods-CounterTests.debug.xcconfig"; sourceTree = "<group>"; };
		6965E712BBEE496A6B1FE353 /* Pods-Counter-CounterUITests.release.xcconfig */ = {isa = PBXFileReference; includeInIndex = 1; lastKnownFileType = text.xcconfig; name = "Pods-Counter-CounterUITests.release.xcconfig"; path = "Target Support Files/Pods-Counter-CounterUITests/Pods-Counter-CounterUITests.release.xcconfig"; sourceTree = "<group>"; };
		6DF28E3FE0D8FA566A97AD49 /* Pods_Counter_CounterUITests.framework */ = {isa = PBXFileReference; explicitFileType = wrapper.framework; includeInIndex = 0; path = Pods_Counter_CounterUITests.framework; sourceTree = BUILT_PRODUCTS_DIR; };
		C885960B02160E6565178FE5 /* Pods-Counter-CounterUITests.debug.xcconfig */ = {isa = PBXFileReference; includeInIndex = 1; lastKnownFileType = text.xcconfig; name = "Pods-Counter-CounterUITests.debug.xcconfig"; path = "Target Support Files/Pods-Counter-CounterUITests/Pods-Counter-CounterUITests.debug.xcconfig"; sourceTree = "<group>"; };
		CBD3900EE0759B1D35A21F67 /* Pods-Counter.release.xcconfig */ = {isa = PBXFileReference; includeInIndex = 1; lastKnownFileType = text.xcconfig; name = "Pods-Counter.release.xcconfig"; path = "Target Support Files/Pods-Counter/Pods-Counter.release.xcconfig"; sourceTree = "<group>"; };
/* End PBXFileReference section */

/* Begin PBXFrameworksBuildPhase section */
		2E8DEF822C737F64007F1B98 /* Frameworks */ = {
			isa = PBXFrameworksBuildPhase;
			buildActionMask = 2147483647;
			files = (
				4046AB824E5442E083E11830 /* Pods_Counter.framework in Frameworks */,
			);
			runOnlyForDeploymentPostprocessing = 0;
		};
		2E8DEF982C737F65007F1B98 /* Frameworks */ = {
			isa = PBXFrameworksBuildPhase;
			buildActionMask = 2147483647;
			files = (
				A7BB32624307A262FBE08F06 /* Pods_CounterTests.framework in Frameworks */,
			);
			runOnlyForDeploymentPostprocessing = 0;
		};
		2E8DEFA22C737F65007F1B98 /* Frameworks */ = {
			isa = PBXFrameworksBuildPhase;
			buildActionMask = 2147483647;
			files = (
				D74C74D196851201944135F1 /* Pods_Counter_CounterUITests.framework in Frameworks */,
			);
			runOnlyForDeploymentPostprocessing = 0;
		};
/* End PBXFrameworksBuildPhase section */

/* Begin PBXGroup section */
		24174FBB54C3252D2760AAD8 /* Pods */ = {
			isa = PBXGroup;
			children = (
				2E97E1C13CBBE4592DAD4557 /* Pods-Counter.debug.xcconfig */,
				CBD3900EE0759B1D35A21F67 /* Pods-Counter.release.xcconfig */,
				C885960B02160E6565178FE5 /* Pods-Counter-CounterUITests.debug.xcconfig */,
				6965E712BBEE496A6B1FE353 /* Pods-Counter-CounterUITests.release.xcconfig */,
				5DD8AD927873BDFB07387A56 /* Pods-CounterTests.debug.xcconfig */,
				222D710E2DFBC3AAD5C3EF43 /* Pods-CounterTests.release.xcconfig */,
			);
			path = Pods;
			sourceTree = "<group>";
		};
		2E8DEF7C2C737F64007F1B98 = {
			isa = PBXGroup;
			children = (
				2E8DEF872C737F64007F1B98 /* Counter */,
				2E8DEF9E2C737F65007F1B98 /* CounterTests */,
				2E8DEFA82C737F65007F1B98 /* CounterUITests */,
				2E8DEF862C737F64007F1B98 /* Products */,
				24174FBB54C3252D2760AAD8 /* Pods */,
				F7733EE475E274821D1CDE31 /* Frameworks */,
			);
			sourceTree = "<group>";
		};
		2E8DEF862C737F64007F1B98 /* Products */ = {
			isa = PBXGroup;
			children = (
				2E8DEF852C737F64007F1B98 /* Counter.app */,
				2E8DEF9B2C737F65007F1B98 /* CounterTests.xctest */,
				2E8DEFA52C737F65007F1B98 /* CounterUITests.xctest */,
			);
			name = Products;
			sourceTree = "<group>";
		};
		2E8DEF872C737F64007F1B98 /* Counter */ = {
			isa = PBXGroup;
			children = (
				2E8DEF882C737F64007F1B98 /* AppDelegate.swift */,
				2E8DEF8A2C737F64007F1B98 /* SceneDelegate.swift */,
				2E8DEF8C2C737F64007F1B98 /* CounterViewController.swift */,
				2E8DEFB82C73810B007F1B98 /* CounterViewReactor.swift */,
				2E8DEF912C737F65007F1B98 /* Assets.xcassets */,
				2E8DEF932C737F65007F1B98 /* LaunchScreen.storyboard */,
				2E8DEF962C737F65007F1B98 /* Info.plist */,
			);
			path = Counter;
			sourceTree = "<group>";
		};
		2E8DEF9E2C737F65007F1B98 /* CounterTests */ = {
			isa = PBXGroup;
			children = (
				2E8DEF9F2C737F65007F1B98 /* CounterTests.swift */,
			);
			path = CounterTests;
			sourceTree = "<group>";
		};
		2E8DEFA82C737F65007F1B98 /* CounterUITests */ = {
			isa = PBXGroup;
			children = (
				2E8DEFA92C737F65007F1B98 /* CounterUITests.swift */,
				2E8DEFAB2C737F65007F1B98 /* CounterUITestsLaunchTests.swift */,
			);
			path = CounterUITests;
			sourceTree = "<group>";
		};
		F7733EE475E274821D1CDE31 /* Frameworks */ = {
			isa = PBXGroup;
			children = (
				40026B1E1E19F87F70381671 /* Pods_Counter.framework */,
				6DF28E3FE0D8FA566A97AD49 /* Pods_Counter_CounterUITests.framework */,
				4C74A7AAA2B1E16336A95728 /* Pods_CounterTests.framework */,
			);
			name = Frameworks;
			sourceTree = "<group>";
		};
/* End PBXGroup section */

/* Begin PBXNativeTarget section */
		2E8DEF842C737F64007F1B98 /* Counter */ = {
			isa = PBXNativeTarget;
			buildConfigurationList = 2E8DEFAF2C737F65007F1B98 /* Build configuration list for PBXNativeTarget "Counter" */;
			buildPhases = (
				19D621AA34367B34F9CEE867 /* [CP] Check Pods Manifest.lock */,
				2E8DEF812C737F64007F1B98 /* Sources */,
				2E8DEF822C737F64007F1B98 /* Frameworks */,
				2E8DEF832C737F64007F1B98 /* Resources */,
				5A989D2C0750FB556FC638CF /* [CP] Embed Pods Frameworks */,
			);
			buildRules = (
			);
			dependencies = (
			);
			name = Counter;
			productName = Counter;
			productReference = 2E8DEF852C737F64007F1B98 /* Counter.app */;
			productType = "com.apple.product-type.application";
		};
		2E8DEF9A2C737F65007F1B98 /* CounterTests */ = {
			isa = PBXNativeTarget;
			buildConfigurationList = 2E8DEFB22C737F65007F1B98 /* Build configuration list for PBXNativeTarget "CounterTests" */;
			buildPhases = (
				8D8FC078B9B9B6E0CE29A4D2 /* [CP] Check Pods Manifest.lock */,
				2E8DEF972C737F65007F1B98 /* Sources */,
				2E8DEF982C737F65007F1B98 /* Frameworks */,
				2E8DEF992C737F65007F1B98 /* Resources */,
			);
			buildRules = (
			);
			dependencies = (
				2E8DEF9D2C737F65007F1B98 /* PBXTargetDependency */,
			);
			name = CounterTests;
			productName = CounterTests;
			productReference = 2E8DEF9B2C737F65007F1B98 /* CounterTests.xctest */;
			productType = "com.apple.product-type.bundle.unit-test";
		};
		2E8DEFA42C737F65007F1B98 /* CounterUITests */ = {
			isa = PBXNativeTarget;
			buildConfigurationList = 2E8DEFB52C737F65007F1B98 /* Build configuration list for PBXNativeTarget "CounterUITests" */;
			buildPhases = (
				5C827485A3F5455CEBFE3743 /* [CP] Check Pods Manifest.lock */,
				2E8DEFA12C737F65007F1B98 /* Sources */,
				2E8DEFA22C737F65007F1B98 /* Frameworks */,
				2E8DEFA32C737F65007F1B98 /* Resources */,
				654FA53BB06652A5D145FC7C /* [CP] Embed Pods Frameworks */,
			);
			buildRules = (
			);
			dependencies = (
				2E8DEFA72C737F65007F1B98 /* PBXTargetDependency */,
			);
			name = CounterUITests;
			productName = CounterUITests;
			productReference = 2E8DEFA52C737F65007F1B98 /* CounterUITests.xctest */;
			productType = "com.apple.product-type.bundle.ui-testing";
		};
/* End PBXNativeTarget section */

/* Begin PBXProject section */
		2E8DEF7D2C737F64007F1B98 /* Project object */ = {
			isa = PBXProject;
			attributes = {
				BuildIndependentTargetsInParallel = 1;
				LastSwiftUpdateCheck = 1520;
				LastUpgradeCheck = 1520;
				TargetAttributes = {
					2E8DEF842C737F64007F1B98 = {
						CreatedOnToolsVersion = 15.2;
					};
					2E8DEF9A2C737F65007F1B98 = {
						CreatedOnToolsVersion = 15.2;
						TestTargetID = 2E8DEF842C737F64007F1B98;
					};
					2E8DEFA42C737F65007F1B98 = {
						CreatedOnToolsVersion = 15.2;
						TestTargetID = 2E8DEF842C737F64007F1B98;
					};
				};
			};
			buildConfigurationList = 2E8DEF802C737F64007F1B98 /* Build configuration list for PBXProject "Counter" */;
			compatibilityVersion = "Xcode 14.0";
			developmentRegion = en;
			hasScannedForEncodings = 0;
			knownRegions = (
				en,
				Base,
			);
			mainGroup = 2E8DEF7C2C737F64007F1B98;
			productRefGroup = 2E8DEF862C737F64007F1B98 /* Products */;
			projectDirPath = "";
			projectRoot = "";
			targets = (
				2E8DEF842C737F64007F1B98 /* Counter */,
				2E8DEF9A2C737F65007F1B98 /* CounterTests */,
				2E8DEFA42C737F65007F1B98 /* CounterUITests */,
			);
		};
/* End PBXProject section */

/* Begin PBXResourcesBuildPhase section */
		2E8DEF832C737F64007F1B98 /* Resources */ = {
			isa = PBXResourcesBuildPhase;
			buildActionMask = 2147483647;
			files = (
				2E8DEF952C737F65007F1B98 /* LaunchScreen.storyboard in Resources */,
				2E8DEF922C737F65007F1B98 /* Assets.xcassets in Resources */,
			);
			runOnlyForDeploymentPostprocessing = 0;
		};
		2E8DEF992C737F65007F1B98 /* Resources */ = {
			isa = PBXResourcesBuildPhase;
			buildActionMask = 2147483647;
			files = (
			);
			runOnlyForDeploymentPostprocessing = 0;
		};
		2E8DEFA32C737F65007F1B98 /* Resources */ = {
			isa = PBXResourcesBuildPhase;
			buildActionMask = 2147483647;
			files = (
			);
			runOnlyForDeploymentPostprocessing = 0;
		};
/* End PBXResourcesBuildPhase section */

/* Begin PBXShellScriptBuildPhase section */
		19D621AA34367B34F9CEE867 /* [CP] Check Pods Manifest.lock */ = {
			isa = PBXShellScriptBuildPhase;
			buildActionMask = 2147483647;
			files = (
			);
			inputFileListPaths = (
			);
			inputPaths = (
				"${PODS_PODFILE_DIR_PATH}/Podfile.lock",
				"${PODS_ROOT}/Manifest.lock",
			);
			name = "[CP] Check Pods Manifest.lock";
			outputFileListPaths = (
			);
			outputPaths = (
				"$(DERIVED_FILE_DIR)/Pods-Counter-checkManifestLockResult.txt",
			);
			runOnlyForDeploymentPostprocessing = 0;
			shellPath = /bin/sh;
			shellScript = "diff \"${PODS_PODFILE_DIR_PATH}/Podfile.lock\" \"${PODS_ROOT}/Manifest.lock\" > /dev/null\nif [ $? != 0 ] ; then\n    # print error to STDERR\n    echo \"error: The sandbox is not in sync with the Podfile.lock. Run 'pod install' or update your CocoaPods installation.\" >&2\n    exit 1\nfi\n# This output is used by Xcode 'outputs' to avoid re-running this script phase.\necho \"SUCCESS\" > \"${SCRIPT_OUTPUT_FILE_0}\"\n";
			showEnvVarsInLog = 0;
		};
		5A989D2C0750FB556FC638CF /* [CP] Embed Pods Frameworks */ = {
			isa = PBXShellScriptBuildPhase;
			buildActionMask = 2147483647;
			files = (
			);
			inputFileListPaths = (
				"${PODS_ROOT}/Target Support Files/Pods-Counter/Pods-Counter-frameworks-${CONFIGURATION}-input-files.xcfilelist",
			);
			name = "[CP] Embed Pods Frameworks";
			outputFileListPaths = (
				"${PODS_ROOT}/Target Support Files/Pods-Counter/Pods-Counter-frameworks-${CONFIGURATION}-output-files.xcfilelist",
			);
			runOnlyForDeploymentPostprocessing = 0;
			shellPath = /bin/sh;
			shellScript = "\"${PODS_ROOT}/Target Support Files/Pods-Counter/Pods-Counter-frameworks.sh\"\n";
			showEnvVarsInLog = 0;
		};
		5C827485A3F5455CEBFE3743 /* [CP] Check Pods Manifest.lock */ = {
			isa = PBXShellScriptBuildPhase;
			buildActionMask = 2147483647;
			files = (
			);
			inputFileListPaths = (
			);
			inputPaths = (
				"${PODS_PODFILE_DIR_PATH}/Podfile.lock",
				"${PODS_ROOT}/Manifest.lock",
			);
			name = "[CP] Check Pods Manifest.lock";
			outputFileListPaths = (
			);
			outputPaths = (
				"$(DERIVED_FILE_DIR)/Pods-Counter-CounterUITests-checkManifestLockResult.txt",
			);
			runOnlyForDeploymentPostprocessing = 0;
			shellPath = /bin/sh;
			shellScript = "diff \"${PODS_PODFILE_DIR_PATH}/Podfile.lock\" \"${PODS_ROOT}/Manifest.lock\" > /dev/null\nif [ $? != 0 ] ; then\n    # print error to STDERR\n    echo \"error: The sandbox is not in sync with the Podfile.lock. Run 'pod install' or update your CocoaPods installation.\" >&2\n    exit 1\nfi\n# This output is used by Xcode 'outputs' to avoid re-running this script phase.\necho \"SUCCESS\" > \"${SCRIPT_OUTPUT_FILE_0}\"\n";
			showEnvVarsInLog = 0;
		};
		654FA53BB06652A5D145FC7C /* [CP] Embed Pods Frameworks */ = {
			isa = PBXShellScriptBuildPhase;
			buildActionMask = 2147483647;
			files = (
			);
			inputFileListPaths = (
				"${PODS_ROOT}/Target Support Files/Pods-Counter-CounterUITests/Pods-Counter-CounterUITests-frameworks-${CONFIGURATION}-input-files.xcfilelist",
			);
			name = "[CP] Embed Pods Frameworks";
			outputFileListPaths = (
				"${PODS_ROOT}/Target Support Files/Pods-Counter-CounterUITests/Pods-Counter-CounterUITests-frameworks-${CONFIGURATION}-output-files.xcfilelist",
			);
			runOnlyForDeploymentPostprocessing = 0;
			shellPath = /bin/sh;
			shellScript = "\"${PODS_ROOT}/Target Support Files/Pods-Counter-CounterUITests/Pods-Counter-CounterUITests-frameworks.sh\"\n";
			showEnvVarsInLog = 0;
		};
		8D8FC078B9B9B6E0CE29A4D2 /* [CP] Check Pods Manifest.lock */ = {
			isa = PBXShellScriptBuildPhase;
			buildActionMask = 2147483647;
			files = (
			);
			inputFileListPaths = (
			);
			inputPaths = (
				"${PODS_PODFILE_DIR_PATH}/Podfile.lock",
				"${PODS_ROOT}/Manifest.lock",
			);
			name = "[CP] Check Pods Manifest.lock";
			outputFileListPaths = (
			);
			outputPaths = (
				"$(DERIVED_FILE_DIR)/Pods-CounterTests-checkManifestLockResult.txt",
			);
			runOnlyForDeploymentPostprocessing = 0;
			shellPath = /bin/sh;
			shellScript = "diff \"${PODS_PODFILE_DIR_PATH}/Podfile.lock\" \"${PODS_ROOT}/Manifest.lock\" > /dev/null\nif [ $? != 0 ] ; then\n    # print error to STDERR\n    echo \"error: The sandbox is not in sync with the Podfile.lock. Run 'pod install' or update your CocoaPods installation.\" >&2\n    exit 1\nfi\n# This output is used by Xcode 'outputs' to avoid re-running this script phase.\necho \"SUCCESS\" > \"${SCRIPT_OUTPUT_FILE_0}\"\n";
			showEnvVarsInLog = 0;
		};
/* End PBXShellScriptBuildPhase section */

/* Begin PBXSourcesBuildPhase section */
		2E8DEF812C737F64007F1B98 /* Sources */ = {
			isa = PBXSourcesBuildPhase;
			buildActionMask = 2147483647;
			files = (
				2E8DEF8D2C737F64007F1B98 /* CounterViewController.swift in Sources */,
				2E8DEF892C737F64007F1B98 /* AppDelegate.swift in Sources */,
				2E8DEFB92C73810B007F1B98 /* CounterViewReactor.swift in Sources */,
				2E8DEF8B2C737F64007F1B98 /* SceneDelegate.swift in Sources */,
			);
			runOnlyForDeploymentPostprocessing = 0;
		};
		2E8DEF972C737F65007F1B98 /* Sources */ = {
			isa = PBXSourcesBuildPhase;
			buildActionMask = 2147483647;
			files = (
				2E8DEFA02C737F65007F1B98 /* CounterTests.swift in Sources */,
			);
			runOnlyForDeploymentPostprocessing = 0;
		};
		2E8DEFA12C737F65007F1B98 /* Sources */ = {
			isa = PBXSourcesBuildPhase;
			buildActionMask = 2147483647;
			files = (
				2E8DEFAA2C737F65007F1B98 /* CounterUITests.swift in Sources */,
				2E8DEFAC2C737F65007F1B98 /* CounterUITestsLaunchTests.swift in Sources */,
			);
			runOnlyForDeploymentPostprocessing = 0;
		};
/* End PBXSourcesBuildPhase section */

/* Begin PBXTargetDependency section */
		2E8DEF9D2C737F65007F1B98 /* PBXTargetDependency */ = {
			isa = PBXTargetDependency;
			target = 2E8DEF842C737F64007F1B98 /* Counter */;
			targetProxy = 2E8DEF9C2C737F65007F1B98 /* PBXContainerItemProxy */;
		};
		2E8DEFA72C737F65007F1B98 /* PBXTargetDependency */ = {
			isa = PBXTargetDependency;
			target = 2E8DEF842C737F64007F1B98 /* Counter */;
			targetProxy = 2E8DEFA62C737F65007F1B98 /* PBXContainerItemProxy */;
		};
/* End PBXTargetDependency section */

/* Begin PBXVariantGroup section */
		2E8DEF932C737F65007F1B98 /* LaunchScreen.storyboard */ = {
			isa = PBXVariantGroup;
			children = (
				2E8DEF942C737F65007F1B98 /* Base */,
			);
			name = LaunchScreen.storyboard;
			sourceTree = "<group>";
		};
/* End PBXVariantGroup section */

/* Begin XCBuildConfiguration section */
		2E8DEFAD2C737F65007F1B98 /* Debug */ = {
			isa = XCBuildConfiguration;
			buildSettings = {
				ALWAYS_SEARCH_USER_PATHS = NO;
				ASSETCATALOG_COMPILER_GENERATE_SWIFT_ASSET_SYMBOL_EXTENSIONS = YES;
				CLANG_ANALYZER_NONNULL = YES;
				CLANG_ANALYZER_NUMBER_OBJECT_CONVERSION = YES_AGGRESSIVE;
				CLANG_CXX_LANGUAGE_STANDARD = "gnu++20";
				CLANG_ENABLE_MODULES = YES;
				CLANG_ENABLE_OBJC_ARC = YES;
				CLANG_ENABLE_OBJC_WEAK = YES;
				CLANG_WARN_BLOCK_CAPTURE_AUTORELEASING = YES;
				CLANG_WARN_BOOL_CONVERSION = YES;
				CLANG_WARN_COMMA = YES;
				CLANG_WARN_CONSTANT_CONVERSION = YES;
				CLANG_WARN_DEPRECATED_OBJC_IMPLEMENTATIONS = YES;
				CLANG_WARN_DIRECT_OBJC_ISA_USAGE = YES_ERROR;
				CLANG_WARN_DOCUMENTATION_COMMENTS = YES;
				CLANG_WARN_EMPTY_BODY = YES;
				CLANG_WARN_ENUM_CONVERSION = YES;
				CLANG_WARN_INFINITE_RECURSION = YES;
				CLANG_WARN_INT_CONVERSION = YES;
				CLANG_WARN_NON_LITERAL_NULL_CONVERSION = YES;
				CLANG_WARN_OBJC_IMPLICIT_RETAIN_SELF = YES;
				CLANG_WARN_OBJC_LITERAL_CONVERSION = YES;
				CLANG_WARN_OBJC_ROOT_CLASS = YES_ERROR;
				CLANG_WARN_QUOTED_INCLUDE_IN_FRAMEWORK_HEADER = YES;
				CLANG_WARN_RANGE_LOOP_ANALYSIS = YES;
				CLANG_WARN_STRICT_PROTOTYPES = YES;
				CLANG_WARN_SUSPICIOUS_MOVE = YES;
				CLANG_WARN_UNGUARDED_AVAILABILITY = YES_AGGRESSIVE;
				CLANG_WARN_UNREACHABLE_CODE = YES;
				CLANG_WARN__DUPLICATE_METHOD_MATCH = YES;
				COPY_PHASE_STRIP = NO;
				DEBUG_INFORMATION_FORMAT = dwarf;
				ENABLE_STRICT_OBJC_MSGSEND = YES;
				ENABLE_TESTABILITY = YES;
				ENABLE_USER_SCRIPT_SANDBOXING = YES;
				GCC_C_LANGUAGE_STANDARD = gnu17;
				GCC_DYNAMIC_NO_PIC = NO;
				GCC_NO_COMMON_BLOCKS = YES;
				GCC_OPTIMIZATION_LEVEL = 0;
				GCC_PREPROCESSOR_DEFINITIONS = (
					"DEBUG=1",
					"$(inherited)",
				);
				GCC_WARN_64_TO_32_BIT_CONVERSION = YES;
				GCC_WARN_ABOUT_RETURN_TYPE = YES_ERROR;
				GCC_WARN_UNDECLARED_SELECTOR = YES;
				GCC_WARN_UNINITIALIZED_AUTOS = YES_AGGRESSIVE;
				GCC_WARN_UNUSED_FUNCTION = YES;
				GCC_WARN_UNUSED_VARIABLE = YES;
				IPHONEOS_DEPLOYMENT_TARGET = 15.0;
				LOCALIZATION_PREFERS_STRING_CATALOGS = YES;
				MTL_ENABLE_DEBUG_INFO = INCLUDE_SOURCE;
				MTL_FAST_MATH = YES;
				ONLY_ACTIVE_ARCH = YES;
				SDKROOT = iphoneos;
				SWIFT_ACTIVE_COMPILATION_CONDITIONS = "DEBUG $(inherited)";
				SWIFT_OPTIMIZATION_LEVEL = "-Onone";
			};
			name = Debug;
		};
		2E8DEFAE2C737F65007F1B98 /* Release */ = {
			isa = XCBuildConfiguration;
			buildSettings = {
				ALWAYS_SEARCH_USER_PATHS = NO;
				ASSETCATALOG_COMPILER_GENERATE_SWIFT_ASSET_SYMBOL_EXTENSIONS = YES;
				CLANG_ANALYZER_NONNULL = YES;
				CLANG_ANALYZER_NUMBER_OBJECT_CONVERSION = YES_AGGRESSIVE;
				CLANG_CXX_LANGUAGE_STANDARD = "gnu++20";
				CLANG_ENABLE_MODULES = YES;
				CLANG_ENABLE_OBJC_ARC = YES;
				CLANG_ENABLE_OBJC_WEAK = YES;
				CLANG_WARN_BLOCK_CAPTURE_AUTORELEASING = YES;
				CLANG_WARN_BOOL_CONVERSION = YES;
				CLANG_WARN_COMMA = YES;
				CLANG_WARN_CONSTANT_CONVERSION = YES;
				CLANG_WARN_DEPRECATED_OBJC_IMPLEMENTATIONS = YES;
				CLANG_WARN_DIRECT_OBJC_ISA_USAGE = YES_ERROR;
				CLANG_WARN_DOCUMENTATION_COMMENTS = YES;
				CLANG_WARN_EMPTY_BODY = YES;
				CLANG_WARN_ENUM_CONVERSION = YES;
				CLANG_WARN_INFINITE_RECURSION = YES;
				CLANG_WARN_INT_CONVERSION = YES;
				CLANG_WARN_NON_LITERAL_NULL_CONVERSION = YES;
				CLANG_WARN_OBJC_IMPLICIT_RETAIN_SELF = YES;
				CLANG_WARN_OBJC_LITERAL_CONVERSION = YES;
				CLANG_WARN_OBJC_ROOT_CLASS = YES_ERROR;
				CLANG_WARN_QUOTED_INCLUDE_IN_FRAMEWORK_HEADER = YES;
				CLANG_WARN_RANGE_LOOP_ANALYSIS = YES;
				CLANG_WARN_STRICT_PROTOTYPES = YES;
				CLANG_WARN_SUSPICIOUS_MOVE = YES;
				CLANG_WARN_UNGUARDED_AVAILABILITY = YES_AGGRESSIVE;
				CLANG_WARN_UNREACHABLE_CODE = YES;
				CLANG_WARN__DUPLICATE_METHOD_MATCH = YES;
				COPY_PHASE_STRIP = NO;
				DEBUG_INFORMATION_FORMAT = "dwarf-with-dsym";
				ENABLE_NS_ASSERTIONS = NO;
				ENABLE_STRICT_OBJC_MSGSEND = YES;
				ENABLE_USER_SCRIPT_SANDBOXING = YES;
				GCC_C_LANGUAGE_STANDARD = gnu17;
				GCC_NO_COMMON_BLOCKS = YES;
				GCC_WARN_64_TO_32_BIT_CONVERSION = YES;
				GCC_WARN_ABOUT_RETURN_TYPE = YES_ERROR;
				GCC_WARN_UNDECLARED_SELECTOR = YES;
				GCC_WARN_UNINITIALIZED_AUTOS = YES_AGGRESSIVE;
				GCC_WARN_UNUSED_FUNCTION = YES;
				GCC_WARN_UNUSED_VARIABLE = YES;
				IPHONEOS_DEPLOYMENT_TARGET = 15.0;
				LOCALIZATION_PREFERS_STRING_CATALOGS = YES;
				MTL_ENABLE_DEBUG_INFO = NO;
				MTL_FAST_MATH = YES;
				SDKROOT = iphoneos;
				SWIFT_COMPILATION_MODE = wholemodule;
				VALIDATE_PRODUCT = YES;
			};
			name = Release;
		};
		2E8DEFB02C737F65007F1B98 /* Debug */ = {
			isa = XCBuildConfiguration;
			baseConfigurationReference = 2E97E1C13CBBE4592DAD4557 /* Pods-Counter.debug.xcconfig */;
			buildSettings = {
				ASSETCATALOG_COMPILER_APPICON_NAME = AppIcon;
				ASSETCATALOG_COMPILER_GLOBAL_ACCENT_COLOR_NAME = AccentColor;
				CODE_SIGN_STYLE = Automatic;
				CURRENT_PROJECT_VERSION = 1;
				DEVELOPMENT_TEAM = HF833JV2AF;
				ENABLE_USER_SCRIPT_SANDBOXING = NO;
				GENERATE_INFOPLIST_FILE = YES;
				INFOPLIST_FILE = Counter/Info.plist;
				INFOPLIST_KEY_UIApplicationSupportsIndirectInputEvents = YES;
				INFOPLIST_KEY_UILaunchStoryboardName = LaunchScreen;
				INFOPLIST_KEY_UISupportedInterfaceOrientations_iPad = "UIInterfaceOrientationPortrait UIInterfaceOrientationPortraitUpsideDown UIInterfaceOrientationLandscapeLeft UIInterfaceOrientationLandscapeRight";
				INFOPLIST_KEY_UISupportedInterfaceOrientations_iPhone = "UIInterfaceOrientationPortrait UIInterfaceOrientationLandscapeLeft UIInterfaceOrientationLandscapeRight";
				IPHONEOS_DEPLOYMENT_TARGET = 15.0;
				LD_RUNPATH_SEARCH_PATHS = (
					"$(inherited)",
					"@executable_path/Frameworks",
				);
				MARKETING_VERSION = 1.0;
				PRODUCT_BUNDLE_IDENTIFIER = com.jonny.Counter;
				PRODUCT_NAME = "$(TARGET_NAME)";
				SWIFT_EMIT_LOC_STRINGS = YES;
				SWIFT_VERSION = 5.0;
				TARGETED_DEVICE_FAMILY = "1,2";
			};
			name = Debug;
		};
		2E8DEFB12C737F65007F1B98 /* Release */ = {
			isa = XCBuildConfiguration;
			baseConfigurationReference = CBD3900EE0759B1D35A21F67 /* Pods-Counter.release.xcconfig */;
			buildSettings = {
				ASSETCATALOG_COMPILER_APPICON_NAME = AppIcon;
				ASSETCATALOG_COMPILER_GLOBAL_ACCENT_COLOR_NAME = AccentColor;
				CODE_SIGN_STYLE = Automatic;
				CURRENT_PROJECT_VERSION = 1;
				DEVELOPMENT_TEAM = HF833JV2AF;
				ENABLE_USER_SCRIPT_SANDBOXING = NO;
				GENERATE_INFOPLIST_FILE = YES;
				INFOPLIST_FILE = Counter/Info.plist;
				INFOPLIST_KEY_UIApplicationSupportsIndirectInputEvents = YES;
				INFOPLIST_KEY_UILaunchStoryboardName = LaunchScreen;
				INFOPLIST_KEY_UISupportedInterfaceOrientations_iPad = "UIInterfaceOrientationPortrait UIInterfaceOrientationPortraitUpsideDown UIInterfaceOrientationLandscapeLeft UIInterfaceOrientationLandscapeRight";
				INFOPLIST_KEY_UISupportedInterfaceOrientations_iPhone = "UIInterfaceOrientationPortrait UIInterfaceOrientationLandscapeLeft UIInterfaceOrientationLandscapeRight";
				IPHONEOS_DEPLOYMENT_TARGET = 15.0;
				LD_RUNPATH_SEARCH_PATHS = (
					"$(inherited)",
					"@executable_path/Frameworks",
				);
				MARKETING_VERSION = 1.0;
				PRODUCT_BUNDLE_IDENTIFIER = com.jonny.Counter;
				PRODUCT_NAME = "$(TARGET_NAME)";
				SWIFT_EMIT_LOC_STRINGS = YES;
				SWIFT_VERSION = 5.0;
				TARGETED_DEVICE_FAMILY = "1,2";
			};
			name = Release;
		};
		2E8DEFB32C737F65007F1B98 /* Debug */ = {
			isa = XCBuildConfiguration;
			baseConfigurationReference = 5DD8AD927873BDFB07387A56 /* Pods-CounterTests.debug.xcconfig */;
			buildSettings = {
				ALWAYS_EMBED_SWIFT_STANDARD_LIBRARIES = YES;
				BUNDLE_LOADER = "$(TEST_HOST)";
				CODE_SIGN_STYLE = Automatic;
				CURRENT_PROJECT_VERSION = 1;
				DEVELOPMENT_TEAM = HF833JV2AF;
				GENERATE_INFOPLIST_FILE = YES;
				IPHONEOS_DEPLOYMENT_TARGET = 17.2;
				MARKETING_VERSION = 1.0;
				PRODUCT_BUNDLE_IDENTIFIER = com.jonny.CounterTests;
				PRODUCT_NAME = "$(TARGET_NAME)";
				SWIFT_EMIT_LOC_STRINGS = NO;
				SWIFT_VERSION = 5.0;
				TARGETED_DEVICE_FAMILY = "1,2";
				TEST_HOST = "$(BUILT_PRODUCTS_DIR)/Counter.app/$(BUNDLE_EXECUTABLE_FOLDER_PATH)/Counter";
			};
			name = Debug;
		};
		2E8DEFB42C737F65007F1B98 /* Release */ = {
			isa = XCBuildConfiguration;
			baseConfigurationReference = 222D710E2DFBC3AAD5C3EF43 /* Pods-CounterTests.release.xcconfig */;
			buildSettings = {
				ALWAYS_EMBED_SWIFT_STANDARD_LIBRARIES = YES;
				BUNDLE_LOADER = "$(TEST_HOST)";
				CODE_SIGN_STYLE = Automatic;
				CURRENT_PROJECT_VERSION = 1;
				DEVELOPMENT_TEAM = HF833JV2AF;
				GENERATE_INFOPLIST_FILE = YES;
				IPHONEOS_DEPLOYMENT_TARGET = 17.2;
				MARKETING_VERSION = 1.0;
				PRODUCT_BUNDLE_IDENTIFIER = com.jonny.CounterTests;
				PRODUCT_NAME = "$(TARGET_NAME)";
				SWIFT_EMIT_LOC_STRINGS = NO;
				SWIFT_VERSION = 5.0;
				TARGETED_DEVICE_FAMILY = "1,2";
				TEST_HOST = "$(BUILT_PRODUCTS_DIR)/Counter.app/$(BUNDLE_EXECUTABLE_FOLDER_PATH)/Counter";
			};
			name = Release;
		};
		2E8DEFB62C737F65007F1B98 /* Debug */ = {
			isa = XCBuildConfiguration;
			baseConfigurationReference = C885960B02160E6565178FE5 /* Pods-Counter-CounterUITests.debug.xcconfig */;
			buildSettings = {
				ALWAYS_EMBED_SWIFT_STANDARD_LIBRARIES = YES;
				CODE_SIGN_STYLE = Automatic;
				CURRENT_PROJECT_VERSION = 1;
				DEVELOPMENT_TEAM = HF833JV2AF;
				GENERATE_INFOPLIST_FILE = YES;
				MARKETING_VERSION = 1.0;
				PRODUCT_BUNDLE_IDENTIFIER = com.jonny.CounterUITests;
				PRODUCT_NAME = "$(TARGET_NAME)";
				SWIFT_EMIT_LOC_STRINGS = NO;
				SWIFT_VERSION = 5.0;
				TARGETED_DEVICE_FAMILY = "1,2";
				TEST_TARGET_NAME = Counter;
			};
			name = Debug;
		};
		2E8DEFB72C737F65007F1B98 /* Release */ = {
			isa = XCBuildConfiguration;
			baseConfigurationReference = 6965E712BBEE496A6B1FE353 /* Pods-Counter-CounterUITests.release.xcconfig */;
			buildSettings = {
				ALWAYS_EMBED_SWIFT_STANDARD_LIBRARIES = YES;
				CODE_SIGN_STYLE = Automatic;
				CURRENT_PROJECT_VERSION = 1;
				DEVELOPMENT_TEAM = HF833JV2AF;
				GENERATE_INFOPLIST_FILE = YES;
				MARKETING_VERSION = 1.0;
				PRODUCT_BUNDLE_IDENTIFIER = com.jonny.CounterUITests;
				PRODUCT_NAME = "$(TARGET_NAME)";
				SWIFT_EMIT_LOC_STRINGS = NO;
				SWIFT_VERSION = 5.0;
				TARGETED_DEVICE_FAMILY = "1,2";
				TEST_TARGET_NAME = Counter;
			};
			name = Release;
		};
/* End XCBuildConfiguration section */

/* Begin XCConfigurationList section */
		2E8DEF802C737F64007F1B98 /* Build configuration list for PBXProject "Counter" */ = {
			isa = XCConfigurationList;
			buildConfigurations = (
				2E8DEFAD2C737F65007F1B98 /* Debug */,
				2E8DEFAE2C737F65007F1B98 /* Release */,
			);
			defaultConfigurationIsVisible = 0;
			defaultConfigurationName = Release;
		};
		2E8DEFAF2C737F65007F1B98 /* Build configuration list for PBXNativeTarget "Counter" */ = {
			isa = XCConfigurationList;
			buildConfigurations = (
				2E8DEFB02C737F65007F1B98 /* Debug */,
				2E8DEFB12C737F65007F1B98 /* Release */,
			);
			defaultConfigurationIsVisible = 0;
			defaultConfigurationName = Release;
		};
		2E8DEFB22C737F65007F1B98 /* Build configuration list for PBXNativeTarget "CounterTests" */ = {
			isa = XCConfigurationList;
			buildConfigurations = (
				2E8DEFB32C737F65007F1B98 /* Debug */,
				2E8DEFB42C737F65007F1B98 /* Release */,
			);
			defaultConfigurationIsVisible = 0;
			defaultConfigurationName = Release;
		};
		2E8DEFB52C737F65007F1B98 /* Build configuration list for PBXNativeTarget "CounterUITests" */ = {
			isa = XCConfigurationList;
			buildConfigurations = (
				2E8DEFB62C737F65007F1B98 /* Debug */,
				2E8DEFB72C737F65007F1B98 /* Release */,
			);
			defaultConfigurationIsVisible = 0;
			defaultConfigurationName = Release;
		};
/* End XCConfigurationList section */
	};
	rootObject = 2E8DEF7D2C737F64007F1B98 /* Project object */;
}
